
Microsoft Visual Studio Solution File, Format Version 12.00
# Visual Studio Version 17
VisualStudioVersion = 17.4.33213.308
MinimumVisualStudioVersion = 10.0.40219.1
Project("{FAE04EC0-301F-11D3-BF4B-00C04F79EFBC}") = "OttBlog", "OttBlog.csproj", "{208D27AC-E8DE-4ECE-9FF3-735C3A9FE538}"
EndProject
Global
	GlobalSection(SolutionConfigurationPlatforms) = preSolution
		Debug|Any CPU = Debug|Any CPU
		Release|Any CPU = Release|Any CPU
	EndGlobalSection
	GlobalSection(ProjectConfigurationPlatforms) = postSolution
		{208D27AC-E8DE-4ECE-9FF3-735C3A9FE538}.Debug|Any CPU.ActiveCfg = Debug|Any CPU
		{208D27AC-E8DE-4ECE-9FF3-735C3A9FE538}.Debug|Any CPU.Build.0 = Debug|Any CPU
		{208D27AC-E8DE-4ECE-9FF3-735C3A9FE538}.Release|Any CPU.ActiveCfg = Release|Any CPU
		{208D27AC-E8DE-4ECE-9FF3-735C3A9FE538}.Release|Any CPU.Build.0 = Release|Any CPU
	EndGlobalSection
	GlobalSection(SolutionProperties) = preSolution
		HideSolutionNode = FALSE
	EndGlobalSection
	GlobalSection(ExtensibilityGlobals) = postSolution
		SolutionGuid = {C3980EFF-0CB6-432A-9127-0D05E9975258}
	EndGlobalSection
EndGlobal
